// !$*UTF8*$!
{
	archiveVersion = 1;
	classes = {
	};
	objectVersion = 56;
	objects = {

/* Begin PBXBuildFile section */
		176D88AA2A42EAB700AB2E05 /* AppDelegate.swift in Sources */ = {isa = PBXBuildFile; fileRef = 176D88A92A42EAB700AB2E05 /* AppDelegate.swift */; };
		176D88AC2A42EAB700AB2E05 /* SceneDelegate.swift in Sources */ = {isa = PBXBuildFile; fileRef = 176D88AB2A42EAB700AB2E05 /* SceneDelegate.swift */; };
		176D88B32A42EABA00AB2E05 /* Assets.xcassets in Resources */ = {isa = PBXBuildFile; fileRef = 176D88B22A42EABA00AB2E05 /* Assets.xcassets */; };
		176D88B62A42EABA00AB2E05 /* LaunchScreen.storyboard in Resources */ = {isa = PBXBuildFile; fileRef = 176D88B42A42EABA00AB2E05 /* LaunchScreen.storyboard */; };
		176D88CB2A42EABA00AB2E05 /* RickAndMortyMVVMUITests.swift in Sources */ = {isa = PBXBuildFile; fileRef = 176D88CA2A42EABA00AB2E05 /* RickAndMortyMVVMUITests.swift */; };
		176D88E52A42EFA000AB2E05 /* ListScene.storyboard in Resources */ = {isa = PBXBuildFile; fileRef = 176D88E12A42EFA000AB2E05 /* ListScene.storyboard */; };
		176D88E62A42EFA000AB2E05 /* ListSceneRouter.swift in Sources */ = {isa = PBXBuildFile; fileRef = 176D88E22A42EFA000AB2E05 /* ListSceneRouter.swift */; };
		176D88E72A42EFA000AB2E05 /* ListSceneViewController.swift in Sources */ = {isa = PBXBuildFile; fileRef = 176D88E32A42EFA000AB2E05 /* ListSceneViewController.swift */; };
		176D88E82A42EFA000AB2E05 /* ListSceneViewModel.swift in Sources */ = {isa = PBXBuildFile; fileRef = 176D88E42A42EFA000AB2E05 /* ListSceneViewModel.swift */; };
		176D88ED2A42EFD200AB2E05 /* DetailScene.storyboard in Resources */ = {isa = PBXBuildFile; fileRef = 176D88E92A42EFD200AB2E05 /* DetailScene.storyboard */; };
		176D88EE2A42EFD200AB2E05 /* DetailSceneRouter.swift in Sources */ = {isa = PBXBuildFile; fileRef = 176D88EA2A42EFD200AB2E05 /* DetailSceneRouter.swift */; };
		176D88EF2A42EFD200AB2E05 /* DetailSceneViewController.swift in Sources */ = {isa = PBXBuildFile; fileRef = 176D88EB2A42EFD200AB2E05 /* DetailSceneViewController.swift */; };
		176D88F02A42EFD200AB2E05 /* DetailSceneViewModel.swift in Sources */ = {isa = PBXBuildFile; fileRef = 176D88EC2A42EFD200AB2E05 /* DetailSceneViewModel.swift */; };
		176D88F32A42EFF700AB2E05 /* RouterType.swift in Sources */ = {isa = PBXBuildFile; fileRef = 176D88F22A42EFF700AB2E05 /* RouterType.swift */; };
		176D88F52A42F0B800AB2E05 /* StoryboardInstantiable.swift in Sources */ = {isa = PBXBuildFile; fileRef = 176D88F42A42F0B800AB2E05 /* StoryboardInstantiable.swift */; };
		176D88F92A43532A00AB2E05 /* HTTPClient.swift in Sources */ = {isa = PBXBuildFile; fileRef = 176D88F82A43532A00AB2E05 /* HTTPClient.swift */; };
		176D88FC2A43536400AB2E05 /* HTTPClientType.swift in Sources */ = {isa = PBXBuildFile; fileRef = 176D88FB2A43536400AB2E05 /* HTTPClientType.swift */; };
		176D88FE2A43537800AB2E05 /* HTTPError.swift in Sources */ = {isa = PBXBuildFile; fileRef = 176D88FD2A43537800AB2E05 /* HTTPError.swift */; };
		176D89022A43540900AB2E05 /* MockURLProtocol.swift in Sources */ = {isa = PBXBuildFile; fileRef = 176D89012A43540900AB2E05 /* MockURLProtocol.swift */; };
		176D89042A43542100AB2E05 /* HTTPClientTests.swift in Sources */ = {isa = PBXBuildFile; fileRef = 176D89032A43542100AB2E05 /* HTTPClientTests.swift */; };
		176D89082A435C7300AB2E05 /* CharacterRepositoryType.swift in Sources */ = {isa = PBXBuildFile; fileRef = 176D89072A435C7300AB2E05 /* CharacterRepositoryType.swift */; };
		176D890A2A435C8B00AB2E05 /* CharacterRepository.swift in Sources */ = {isa = PBXBuildFile; fileRef = 176D89092A435C8B00AB2E05 /* CharacterRepository.swift */; };
		176D890C2A435DEA00AB2E05 /* CharacterResponse.swift in Sources */ = {isa = PBXBuildFile; fileRef = 176D890B2A435DEA00AB2E05 /* CharacterResponse.swift */; };
		176D890E2A4360BB00AB2E05 /* CharacterDomain.swift in Sources */ = {isa = PBXBuildFile; fileRef = 176D890D2A4360BB00AB2E05 /* CharacterDomain.swift */; };
		176D89112A43787500AB2E05 /* CharacterRepositoryTests.swift in Sources */ = {isa = PBXBuildFile; fileRef = 176D89102A43787400AB2E05 /* CharacterRepositoryTests.swift */; };
		176D89152A43792E00AB2E05 /* DIRepositoryContainer.swift in Sources */ = {isa = PBXBuildFile; fileRef = 176D89142A43792E00AB2E05 /* DIRepositoryContainer.swift */; };
		176D89172A43793900AB2E05 /* DIRepository.swift in Sources */ = {isa = PBXBuildFile; fileRef = 176D89162A43793900AB2E05 /* DIRepository.swift */; };
		176D89192A43798C00AB2E05 /* DIRepositoryContainerType.swift in Sources */ = {isa = PBXBuildFile; fileRef = 176D89182A43798B00AB2E05 /* DIRepositoryContainerType.swift */; };
		176D891B2A4379D100AB2E05 /* ListScene+DI.swift in Sources */ = {isa = PBXBuildFile; fileRef = 176D891A2A4379D100AB2E05 /* ListScene+DI.swift */; };
		176D891D2A437ABE00AB2E05 /* DetailScene+DI.swift in Sources */ = {isa = PBXBuildFile; fileRef = 176D891C2A437ABE00AB2E05 /* DetailScene+DI.swift */; };
		176D891F2A437BF600AB2E05 /* SpyHTTPClient.swift in Sources */ = {isa = PBXBuildFile; fileRef = 176D891E2A437BF600AB2E05 /* SpyHTTPClient.swift */; };
		176D89222A437EC400AB2E05 /* MockHTTPClient.swift in Sources */ = {isa = PBXBuildFile; fileRef = 176D89212A437EC400AB2E05 /* MockHTTPClient.swift */; };
		17D257082A438594002AE10B /* ListSceneViewModelTests.swift in Sources */ = {isa = PBXBuildFile; fileRef = 17D257072A438594002AE10B /* ListSceneViewModelTests.swift */; };
		17D2570B2A438AC9002AE10B /* MockDIRepositoryContainer.swift in Sources */ = {isa = PBXBuildFile; fileRef = 17D2570A2A438AC9002AE10B /* MockDIRepositoryContainer.swift */; };
		17D2570D2A438B6B002AE10B /* StubCharacterRepository.swift in Sources */ = {isa = PBXBuildFile; fileRef = 17D2570C2A438B6B002AE10B /* StubCharacterRepository.swift */; };
		17D257102A438C1F002AE10B /* BaseXCTestCase.swift in Sources */ = {isa = PBXBuildFile; fileRef = 17D2570F2A438C1F002AE10B /* BaseXCTestCase.swift */; };
		17D257162A439689002AE10B /* ListSceneTableViewCell.swift in Sources */ = {isa = PBXBuildFile; fileRef = 17D257142A439689002AE10B /* ListSceneTableViewCell.swift */; };
		17D257172A439689002AE10B /* ListSceneTableViewCell.xib in Resources */ = {isa = PBXBuildFile; fileRef = 17D257152A439689002AE10B /* ListSceneTableViewCell.xib */; };
		17D257192A439F7E002AE10B /* ListSceneTableViewCellModel.swift in Sources */ = {isa = PBXBuildFile; fileRef = 17D257182A439F7E002AE10B /* ListSceneTableViewCellModel.swift */; };
		17D2571B2A43A035002AE10B /* ListSceneTableViewCell+DI.swift in Sources */ = {isa = PBXBuildFile; fileRef = 17D2571A2A43A035002AE10B /* ListSceneTableViewCell+DI.swift */; };
		17D2571E2A43A547002AE10B /* ListSceneTableViewCellModelTests.swift in Sources */ = {isa = PBXBuildFile; fileRef = 17D2571D2A43A547002AE10B /* ListSceneTableViewCellModelTests.swift */; };
		17D257212A43A74E002AE10B /* DownloadImageRepositoryType.swift in Sources */ = {isa = PBXBuildFile; fileRef = 17D257202A43A74E002AE10B /* DownloadImageRepositoryType.swift */; };
		17D257242A43A774002AE10B /* DownloadImageRepository.swift in Sources */ = {isa = PBXBuildFile; fileRef = 17D257232A43A774002AE10B /* DownloadImageRepository.swift */; };
		17D257262A43AEE5002AE10B /* SpyListSceneRouter.swift in Sources */ = {isa = PBXBuildFile; fileRef = 17D257252A43AEE5002AE10B /* SpyListSceneRouter.swift */; };
		17D257282A43B64C002AE10B /* README.md in Resources */ = {isa = PBXBuildFile; fileRef = 17D257272A43B64C002AE10B /* README.md */; };
/* End PBXBuildFile section */

/* Begin PBXContainerItemProxy section */
		176D88BD2A42EABA00AB2E05 /* PBXContainerItemProxy */ = {
			isa = PBXContainerItemProxy;
			containerPortal = 176D889E2A42EAB700AB2E05 /* Project object */;
			proxyType = 1;
			remoteGlobalIDString = 176D88A52A42EAB700AB2E05;
			remoteInfo = RickAndMortyMVVM;
		};
		176D88C72A42EABA00AB2E05 /* PBXContainerItemProxy */ = {
			isa = PBXContainerItemProxy;
			containerPortal = 176D889E2A42EAB700AB2E05 /* Project object */;
			proxyType = 1;
			remoteGlobalIDString = 176D88A52A42EAB700AB2E05;
			remoteInfo = RickAndMortyMVVM;
		};
/* End PBXContainerItemProxy section */

/* Begin PBXFileReference section */
		176D88A62A42EAB700AB2E05 /* RickAndMortyMVVM.app */ = {isa = PBXFileReference; explicitFileType = wrapper.application; includeInIndex = 0; path = RickAndMortyMVVM.app; sourceTree = BUILT_PRODUCTS_DIR; };
		176D88A92A42EAB700AB2E05 /* AppDelegate.swift */ = {isa = PBXFileReference; lastKnownFileType = sourcecode.swift; path = AppDelegate.swift; sourceTree = "<group>"; };
		176D88AB2A42EAB700AB2E05 /* SceneDelegate.swift */ = {isa = PBXFileReference; lastKnownFileType = sourcecode.swift; path = SceneDelegate.swift; sourceTree = "<group>"; };
		176D88B22A42EABA00AB2E05 /* Assets.xcassets */ = {isa = PBXFileReference; lastKnownFileType = folder.assetcatalog; path = Assets.xcassets; sourceTree = "<group>"; };
		176D88B52A42EABA00AB2E05 /* Base */ = {isa = PBXFileReference; lastKnownFileType = file.storyboard; name = Base; path = Base.lproj/LaunchScreen.storyboard; sourceTree = "<group>"; };
		176D88B72A42EABA00AB2E05 /* Info.plist */ = {isa = PBXFileReference; lastKnownFileType = text.plist.xml; path = Info.plist; sourceTree = "<group>"; };
		176D88BC2A42EABA00AB2E05 /* RickAndMortyMVVMTests.xctest */ = {isa = PBXFileReference; explicitFileType = wrapper.cfbundle; includeInIndex = 0; path = RickAndMortyMVVMTests.xctest; sourceTree = BUILT_PRODUCTS_DIR; };
		176D88C62A42EABA00AB2E05 /* RickAndMortyMVVMUITests.xctest */ = {isa = PBXFileReference; explicitFileType = wrapper.cfbundle; includeInIndex = 0; path = RickAndMortyMVVMUITests.xctest; sourceTree = BUILT_PRODUCTS_DIR; };
		176D88CA2A42EABA00AB2E05 /* RickAndMortyMVVMUITests.swift */ = {isa = PBXFileReference; lastKnownFileType = sourcecode.swift; path = RickAndMortyMVVMUITests.swift; sourceTree = "<group>"; };
		176D88E12A42EFA000AB2E05 /* ListScene.storyboard */ = {isa = PBXFileReference; lastKnownFileType = file.storyboard; path = ListScene.storyboard; sourceTree = "<group>"; };
		176D88E22A42EFA000AB2E05 /* ListSceneRouter.swift */ = {isa = PBXFileReference; lastKnownFileType = sourcecode.swift; path = ListSceneRouter.swift; sourceTree = "<group>"; };
		176D88E32A42EFA000AB2E05 /* ListSceneViewController.swift */ = {isa = PBXFileReference; lastKnownFileType = sourcecode.swift; path = ListSceneViewController.swift; sourceTree = "<group>"; };
		176D88E42A42EFA000AB2E05 /* ListSceneViewModel.swift */ = {isa = PBXFileReference; lastKnownFileType = sourcecode.swift; path = ListSceneViewModel.swift; sourceTree = "<group>"; };
		176D88E92A42EFD200AB2E05 /* DetailScene.storyboard */ = {isa = PBXFileReference; lastKnownFileType = file.storyboard; path = DetailScene.storyboard; sourceTree = "<group>"; };
		176D88EA2A42EFD200AB2E05 /* DetailSceneRouter.swift */ = {isa = PBXFileReference; lastKnownFileType = sourcecode.swift; path = DetailSceneRouter.swift; sourceTree = "<group>"; };
		176D88EB2A42EFD200AB2E05 /* DetailSceneViewController.swift */ = {isa = PBXFileReference; lastKnownFileType = sourcecode.swift; path = DetailSceneViewController.swift; sourceTree = "<group>"; };
		176D88EC2A42EFD200AB2E05 /* DetailSceneViewModel.swift */ = {isa = PBXFileReference; lastKnownFileType = sourcecode.swift; path = DetailSceneViewModel.swift; sourceTree = "<group>"; };
		176D88F22A42EFF700AB2E05 /* RouterType.swift */ = {isa = PBXFileReference; lastKnownFileType = sourcecode.swift; path = RouterType.swift; sourceTree = "<group>"; };
		176D88F42A42F0B800AB2E05 /* StoryboardInstantiable.swift */ = {isa = PBXFileReference; lastKnownFileType = sourcecode.swift; path = StoryboardInstantiable.swift; sourceTree = "<group>"; };
		176D88F82A43532A00AB2E05 /* HTTPClient.swift */ = {isa = PBXFileReference; lastKnownFileType = sourcecode.swift; path = HTTPClient.swift; sourceTree = "<group>"; };
		176D88FB2A43536400AB2E05 /* HTTPClientType.swift */ = {isa = PBXFileReference; lastKnownFileType = sourcecode.swift; path = HTTPClientType.swift; sourceTree = "<group>"; };
		176D88FD2A43537800AB2E05 /* HTTPError.swift */ = {isa = PBXFileReference; lastKnownFileType = sourcecode.swift; path = HTTPError.swift; sourceTree = "<group>"; };
		176D89012A43540900AB2E05 /* MockURLProtocol.swift */ = {isa = PBXFileReference; lastKnownFileType = sourcecode.swift; path = MockURLProtocol.swift; sourceTree = "<group>"; };
		176D89032A43542100AB2E05 /* HTTPClientTests.swift */ = {isa = PBXFileReference; lastKnownFileType = sourcecode.swift; path = HTTPClientTests.swift; sourceTree = "<group>"; };
		176D89072A435C7300AB2E05 /* CharacterRepositoryType.swift */ = {isa = PBXFileReference; lastKnownFileType = sourcecode.swift; path = CharacterRepositoryType.swift; sourceTree = "<group>"; };
		176D89092A435C8B00AB2E05 /* CharacterRepository.swift */ = {isa = PBXFileReference; lastKnownFileType = sourcecode.swift; path = CharacterRepository.swift; sourceTree = "<group>"; };
		176D890B2A435DEA00AB2E05 /* CharacterResponse.swift */ = {isa = PBXFileReference; lastKnownFileType = sourcecode.swift; path = CharacterResponse.swift; sourceTree = "<group>"; };
		176D890D2A4360BB00AB2E05 /* CharacterDomain.swift */ = {isa = PBXFileReference; lastKnownFileType = sourcecode.swift; path = CharacterDomain.swift; sourceTree = "<group>"; };
		176D89102A43787400AB2E05 /* CharacterRepositoryTests.swift */ = {isa = PBXFileReference; lastKnownFileType = sourcecode.swift; path = CharacterRepositoryTests.swift; sourceTree = "<group>"; };
		176D89142A43792E00AB2E05 /* DIRepositoryContainer.swift */ = {isa = PBXFileReference; lastKnownFileType = sourcecode.swift; path = DIRepositoryContainer.swift; sourceTree = "<group>"; };
		176D89162A43793900AB2E05 /* DIRepository.swift */ = {isa = PBXFileReference; lastKnownFileType = sourcecode.swift; path = DIRepository.swift; sourceTree = "<group>"; };
		176D89182A43798B00AB2E05 /* DIRepositoryContainerType.swift */ = {isa = PBXFileReference; lastKnownFileType = sourcecode.swift; path = DIRepositoryContainerType.swift; sourceTree = "<group>"; };
		176D891A2A4379D100AB2E05 /* ListScene+DI.swift */ = {isa = PBXFileReference; lastKnownFileType = sourcecode.swift; path = "ListScene+DI.swift"; sourceTree = "<group>"; };
		176D891C2A437ABE00AB2E05 /* DetailScene+DI.swift */ = {isa = PBXFileReference; lastKnownFileType = sourcecode.swift; path = "DetailScene+DI.swift"; sourceTree = "<group>"; };
		176D891E2A437BF600AB2E05 /* SpyHTTPClient.swift */ = {isa = PBXFileReference; lastKnownFileType = sourcecode.swift; path = SpyHTTPClient.swift; sourceTree = "<group>"; };
		176D89212A437EC400AB2E05 /* MockHTTPClient.swift */ = {isa = PBXFileReference; lastKnownFileType = sourcecode.swift; path = MockHTTPClient.swift; sourceTree = "<group>"; };
		17D257042A438353002AE10B /* RickAndMortyMVVM.xctestplan */ = {isa = PBXFileReference; lastKnownFileType = text; path = RickAndMortyMVVM.xctestplan; sourceTree = "<group>"; };
		17D257072A438594002AE10B /* ListSceneViewModelTests.swift */ = {isa = PBXFileReference; lastKnownFileType = sourcecode.swift; path = ListSceneViewModelTests.swift; sourceTree = "<group>"; };
		17D2570A2A438AC9002AE10B /* MockDIRepositoryContainer.swift */ = {isa = PBXFileReference; lastKnownFileType = sourcecode.swift; path = MockDIRepositoryContainer.swift; sourceTree = "<group>"; };
		17D2570C2A438B6B002AE10B /* StubCharacterRepository.swift */ = {isa = PBXFileReference; lastKnownFileType = sourcecode.swift; path = StubCharacterRepository.swift; sourceTree = "<group>"; };
		17D2570F2A438C1F002AE10B /* BaseXCTestCase.swift */ = {isa = PBXFileReference; lastKnownFileType = sourcecode.swift; path = BaseXCTestCase.swift; sourceTree = "<group>"; };
		17D257142A439689002AE10B /* ListSceneTableViewCell.swift */ = {isa = PBXFileReference; lastKnownFileType = sourcecode.swift; path = ListSceneTableViewCell.swift; sourceTree = "<group>"; };
		17D257152A439689002AE10B /* ListSceneTableViewCell.xib */ = {isa = PBXFileReference; lastKnownFileType = file.xib; path = ListSceneTableViewCell.xib; sourceTree = "<group>"; };
		17D257182A439F7E002AE10B /* ListSceneTableViewCellModel.swift */ = {isa = PBXFileReference; lastKnownFileType = sourcecode.swift; path = ListSceneTableViewCellModel.swift; sourceTree = "<group>"; };
		17D2571A2A43A035002AE10B /* ListSceneTableViewCell+DI.swift */ = {isa = PBXFileReference; lastKnownFileType = sourcecode.swift; path = "ListSceneTableViewCell+DI.swift"; sourceTree = "<group>"; };
		17D2571D2A43A547002AE10B /* ListSceneTableViewCellModelTests.swift */ = {isa = PBXFileReference; lastKnownFileType = sourcecode.swift; path = ListSceneTableViewCellModelTests.swift; sourceTree = "<group>"; };
		17D257202A43A74E002AE10B /* DownloadImageRepositoryType.swift */ = {isa = PBXFileReference; lastKnownFileType = sourcecode.swift; path = DownloadImageRepositoryType.swift; sourceTree = "<group>"; };
		17D257232A43A774002AE10B /* DownloadImageRepository.swift */ = {isa = PBXFileReference; lastKnownFileType = sourcecode.swift; path = DownloadImageRepository.swift; sourceTree = "<group>"; };
		17D257252A43AEE5002AE10B /* SpyListSceneRouter.swift */ = {isa = PBXFileReference; lastKnownFileType = sourcecode.swift; path = SpyListSceneRouter.swift; sourceTree = "<group>"; };
		17D257272A43B64C002AE10B /* README.md */ = {isa = PBXFileReference; fileEncoding = 4; lastKnownFileType = net.daringfireball.markdown; path = README.md; sourceTree = "<group>"; };
/* End PBXFileReference section */

/* Begin PBXFrameworksBuildPhase section */
		176D88A32A42EAB700AB2E05 /* Frameworks */ = {
			isa = PBXFrameworksBuildPhase;
			buildActionMask = 2147483647;
			files = (
			);
			runOnlyForDeploymentPostprocessing = 0;
		};
		176D88B92A42EABA00AB2E05 /* Frameworks */ = {
			isa = PBXFrameworksBuildPhase;
			buildActionMask = 2147483647;
			files = (
			);
			runOnlyForDeploymentPostprocessing = 0;
		};
		176D88C32A42EABA00AB2E05 /* Frameworks */ = {
			isa = PBXFrameworksBuildPhase;
			buildActionMask = 2147483647;
			files = (
			);
			runOnlyForDeploymentPostprocessing = 0;
		};
/* End PBXFrameworksBuildPhase section */

/* Begin PBXGroup section */
		176D889D2A42EAB700AB2E05 = {
			isa = PBXGroup;
			children = (
				17D257272A43B64C002AE10B /* README.md */,
				17D257042A438353002AE10B /* RickAndMortyMVVM.xctestplan */,
				176D88A82A42EAB700AB2E05 /* RickAndMortyMVVM */,
				176D88BF2A42EABA00AB2E05 /* RickAndMortyMVVMTests */,
				176D88C92A42EABA00AB2E05 /* RickAndMortyMVVMUITests */,
				176D88A72A42EAB700AB2E05 /* Products */,
			);
			sourceTree = "<group>";
		};
		176D88A72A42EAB700AB2E05 /* Products */ = {
			isa = PBXGroup;
			children = (
				176D88A62A42EAB700AB2E05 /* RickAndMortyMVVM.app */,
				176D88BC2A42EABA00AB2E05 /* RickAndMortyMVVMTests.xctest */,
				176D88C62A42EABA00AB2E05 /* RickAndMortyMVVMUITests.xctest */,
			);
			name = Products;
			sourceTree = "<group>";
		};
		176D88A82A42EAB700AB2E05 /* RickAndMortyMVVM */ = {
			isa = PBXGroup;
			children = (
				176D88DA2A42ED3C00AB2E05 /* Application */,
				176D88DB2A42ED4700AB2E05 /* Data */,
				176D88DC2A42ED4C00AB2E05 /* Domain */,
				176D88DD2A42ED5000AB2E05 /* Presentation */,
				176D88DE2A42ED5600AB2E05 /* Resources */,
			);
			path = RickAndMortyMVVM;
			sourceTree = "<group>";
		};
		176D88BF2A42EABA00AB2E05 /* RickAndMortyMVVMTests */ = {
			isa = PBXGroup;
			children = (
				17D2570E2A438C04002AE10B /* Base */,
				17D257052A43857E002AE10B /* Presentation */,
				176D88FF2A4353F100AB2E05 /* Data */,
			);
			path = RickAndMortyMVVMTests;
			sourceTree = "<group>";
		};
		176D88C92A42EABA00AB2E05 /* RickAndMortyMVVMUITests */ = {
			isa = PBXGroup;
			children = (
				176D88CA2A42EABA00AB2E05 /* RickAndMortyMVVMUITests.swift */,
			);
			path = RickAndMortyMVVMUITests;
			sourceTree = "<group>";
		};
		176D88DA2A42ED3C00AB2E05 /* Application */ = {
			isa = PBXGroup;
			children = (
				176D88A92A42EAB700AB2E05 /* AppDelegate.swift */,
				176D88AB2A42EAB700AB2E05 /* SceneDelegate.swift */,
			);
			path = Application;
			sourceTree = "<group>";
		};
		176D88DB2A42ED4700AB2E05 /* Data */ = {
			isa = PBXGroup;
			children = (
				176D89132A43791500AB2E05 /* DI */,
				176D88F62A43525F00AB2E05 /* Network */,
			);
			path = Data;
			sourceTree = "<group>";
		};
		176D88DC2A42ED4C00AB2E05 /* Domain */ = {
			isa = PBXGroup;
			children = (
				176D89062A435C6600AB2E05 /* CharacterRepository */,
				176D89122A43790800AB2E05 /* DI */,
				17D2571F2A43A733002AE10B /* DownloadImageRepository */,
				176D88FA2A43535900AB2E05 /* HTTPClient */,
			);
			path = Domain;
			sourceTree = "<group>";
		};
		176D88DD2A42ED5000AB2E05 /* Presentation */ = {
			isa = PBXGroup;
			children = (
				176D88F12A42EFD600AB2E05 /* Base */,
				176D88E02A42EF8800AB2E05 /* DetailScene */,
				176D88DF2A42EF7F00AB2E05 /* ListScene */,
			);
			path = Presentation;
			sourceTree = "<group>";
		};
		176D88DE2A42ED5600AB2E05 /* Resources */ = {
			isa = PBXGroup;
			children = (
				176D88B22A42EABA00AB2E05 /* Assets.xcassets */,
				176D88B72A42EABA00AB2E05 /* Info.plist */,
				176D88B42A42EABA00AB2E05 /* LaunchScreen.storyboard */,
			);
			path = Resources;
			sourceTree = "<group>";
		};
		176D88DF2A42EF7F00AB2E05 /* ListScene */ = {
			isa = PBXGroup;
			children = (
				17D257132A4395E8002AE10B /* Cells */,
				176D88E12A42EFA000AB2E05 /* ListScene.storyboard */,
				176D891A2A4379D100AB2E05 /* ListScene+DI.swift */,
				176D88E22A42EFA000AB2E05 /* ListSceneRouter.swift */,
				176D88E32A42EFA000AB2E05 /* ListSceneViewController.swift */,
				176D88E42A42EFA000AB2E05 /* ListSceneViewModel.swift */,
			);
			path = ListScene;
			sourceTree = "<group>";
		};
		176D88E02A42EF8800AB2E05 /* DetailScene */ = {
			isa = PBXGroup;
			children = (
				176D88E92A42EFD200AB2E05 /* DetailScene.storyboard */,
				176D891C2A437ABE00AB2E05 /* DetailScene+DI.swift */,
				176D88EA2A42EFD200AB2E05 /* DetailSceneRouter.swift */,
				176D88EB2A42EFD200AB2E05 /* DetailSceneViewController.swift */,
				176D88EC2A42EFD200AB2E05 /* DetailSceneViewModel.swift */,
			);
			path = DetailScene;
			sourceTree = "<group>";
		};
		176D88F12A42EFD600AB2E05 /* Base */ = {
			isa = PBXGroup;
			children = (
				176D88F22A42EFF700AB2E05 /* RouterType.swift */,
				176D88F42A42F0B800AB2E05 /* StoryboardInstantiable.swift */,
			);
			path = Base;
			sourceTree = "<group>";
		};
		176D88F62A43525F00AB2E05 /* Network */ = {
			isa = PBXGroup;
			children = (
				176D89052A435C5D00AB2E05 /* CharacterRepository */,
				17D257222A43A763002AE10B /* DownloadImageRepository */,
				176D88F72A43531C00AB2E05 /* HTTPClient */,
			);
			path = Network;
			sourceTree = "<group>";
		};
		176D88F72A43531C00AB2E05 /* HTTPClient */ = {
			isa = PBXGroup;
			children = (
				176D88F82A43532A00AB2E05 /* HTTPClient.swift */,
			);
			path = HTTPClient;
			sourceTree = "<group>";
		};
		176D88FA2A43535900AB2E05 /* HTTPClient */ = {
			isa = PBXGroup;
			children = (
				176D88FB2A43536400AB2E05 /* HTTPClientType.swift */,
				176D88FD2A43537800AB2E05 /* HTTPError.swift */,
			);
			path = HTTPClient;
			sourceTree = "<group>";
		};
		176D88FF2A4353F100AB2E05 /* Data */ = {
			isa = PBXGroup;
			children = (
				17D257092A438AAC002AE10B /* DI */,
				176D890F2A43785C00AB2E05 /* CharacterRepository */,
				176D89002A4353F500AB2E05 /* HTTPClient */,
			);
			path = Data;
			sourceTree = "<group>";
		};
		176D89002A4353F500AB2E05 /* HTTPClient */ = {
			isa = PBXGroup;
			children = (
				176D89012A43540900AB2E05 /* MockURLProtocol.swift */,
				176D89032A43542100AB2E05 /* HTTPClientTests.swift */,
				176D891E2A437BF600AB2E05 /* SpyHTTPClient.swift */,
				176D89212A437EC400AB2E05 /* MockHTTPClient.swift */,
			);
			path = HTTPClient;
			sourceTree = "<group>";
		};
		176D89052A435C5D00AB2E05 /* CharacterRepository */ = {
			isa = PBXGroup;
			children = (
				176D89092A435C8B00AB2E05 /* CharacterRepository.swift */,
				176D890B2A435DEA00AB2E05 /* CharacterResponse.swift */,
			);
			path = CharacterRepository;
			sourceTree = "<group>";
		};
		176D89062A435C6600AB2E05 /* CharacterRepository */ = {
			isa = PBXGroup;
			children = (
				176D890D2A4360BB00AB2E05 /* CharacterDomain.swift */,
				176D89072A435C7300AB2E05 /* CharacterRepositoryType.swift */,
			);
			path = CharacterRepository;
			sourceTree = "<group>";
		};
		176D890F2A43785C00AB2E05 /* CharacterRepository */ = {
			isa = PBXGroup;
			children = (
				176D89102A43787400AB2E05 /* CharacterRepositoryTests.swift */,
				17D2570C2A438B6B002AE10B /* StubCharacterRepository.swift */,
			);
			path = CharacterRepository;
			sourceTree = "<group>";
		};
		176D89122A43790800AB2E05 /* DI */ = {
			isa = PBXGroup;
			children = (
				176D89182A43798B00AB2E05 /* DIRepositoryContainerType.swift */,
			);
			path = DI;
			sourceTree = "<group>";
		};
		176D89132A43791500AB2E05 /* DI */ = {
			isa = PBXGroup;
			children = (
				176D89162A43793900AB2E05 /* DIRepository.swift */,
				176D89142A43792E00AB2E05 /* DIRepositoryContainer.swift */,
			);
			path = DI;
			sourceTree = "<group>";
		};
		17D257052A43857E002AE10B /* Presentation */ = {
			isa = PBXGroup;
			children = (
				17D257062A438584002AE10B /* ListScene */,
			);
			path = Presentation;
			sourceTree = "<group>";
		};
		17D257062A438584002AE10B /* ListScene */ = {
			isa = PBXGroup;
			children = (
				17D2571C2A43A536002AE10B /* Cells */,
				17D257072A438594002AE10B /* ListSceneViewModelTests.swift */,
				17D257252A43AEE5002AE10B /* SpyListSceneRouter.swift */,
			);
			path = ListScene;
			sourceTree = "<group>";
		};
		17D257092A438AAC002AE10B /* DI */ = {
			isa = PBXGroup;
			children = (
				17D2570A2A438AC9002AE10B /* MockDIRepositoryContainer.swift */,
			);
			path = DI;
			sourceTree = "<group>";
		};
		17D2570E2A438C04002AE10B /* Base */ = {
			isa = PBXGroup;
			children = (
				17D2570F2A438C1F002AE10B /* BaseXCTestCase.swift */,
			);
			path = Base;
			sourceTree = "<group>";
		};
		17D257132A4395E8002AE10B /* Cells */ = {
			isa = PBXGroup;
			children = (
				17D257142A439689002AE10B /* ListSceneTableViewCell.swift */,
				17D257152A439689002AE10B /* ListSceneTableViewCell.xib */,
				17D2571A2A43A035002AE10B /* ListSceneTableViewCell+DI.swift */,
				17D257182A439F7E002AE10B /* ListSceneTableViewCellModel.swift */,
			);
			path = Cells;
			sourceTree = "<group>";
		};
		17D2571C2A43A536002AE10B /* Cells */ = {
			isa = PBXGroup;
			children = (
				17D2571D2A43A547002AE10B /* ListSceneTableViewCellModelTests.swift */,
			);
			path = Cells;
			sourceTree = "<group>";
		};
		17D2571F2A43A733002AE10B /* DownloadImageRepository */ = {
			isa = PBXGroup;
			children = (
				17D257202A43A74E002AE10B /* DownloadImageRepositoryType.swift */,
			);
			path = DownloadImageRepository;
			sourceTree = "<group>";
		};
		17D257222A43A763002AE10B /* DownloadImageRepository */ = {
			isa = PBXGroup;
			children = (
				17D257232A43A774002AE10B /* DownloadImageRepository.swift */,
			);
			path = DownloadImageRepository;
			sourceTree = "<group>";
		};
/* End PBXGroup section */

/* Begin PBXNativeTarget section */
		176D88A52A42EAB700AB2E05 /* RickAndMortyMVVM */ = {
			isa = PBXNativeTarget;
			buildConfigurationList = 176D88D02A42EABA00AB2E05 /* Build configuration list for PBXNativeTarget "RickAndMortyMVVM" */;
			buildPhases = (
				176D88A22A42EAB700AB2E05 /* Sources */,
				176D88A32A42EAB700AB2E05 /* Frameworks */,
				176D88A42A42EAB700AB2E05 /* Resources */,
				176D88D92A42EBB400AB2E05 /* SwiftLint */,
			);
			buildRules = (
			);
			dependencies = (
			);
			name = RickAndMortyMVVM;
			productName = RickAndMortyMVVM;
			productReference = 176D88A62A42EAB700AB2E05 /* RickAndMortyMVVM.app */;
			productType = "com.apple.product-type.application";
		};
		176D88BB2A42EABA00AB2E05 /* RickAndMortyMVVMTests */ = {
			isa = PBXNativeTarget;
			buildConfigurationList = 176D88D32A42EABA00AB2E05 /* Build configuration list for PBXNativeTarget "RickAndMortyMVVMTests" */;
			buildPhases = (
				176D88B82A42EABA00AB2E05 /* Sources */,
				176D88B92A42EABA00AB2E05 /* Frameworks */,
				176D88BA2A42EABA00AB2E05 /* Resources */,
			);
			buildRules = (
			);
			dependencies = (
				176D88BE2A42EABA00AB2E05 /* PBXTargetDependency */,
			);
			name = RickAndMortyMVVMTests;
			productName = RickAndMortyMVVMTests;
			productReference = 176D88BC2A42EABA00AB2E05 /* RickAndMortyMVVMTests.xctest */;
			productType = "com.apple.product-type.bundle.unit-test";
		};
		176D88C52A42EABA00AB2E05 /* RickAndMortyMVVMUITests */ = {
			isa = PBXNativeTarget;
			buildConfigurationList = 176D88D62A42EABA00AB2E05 /* Build configuration list for PBXNativeTarget "RickAndMortyMVVMUITests" */;
			buildPhases = (
				176D88C22A42EABA00AB2E05 /* Sources */,
				176D88C32A42EABA00AB2E05 /* Frameworks */,
				176D88C42A42EABA00AB2E05 /* Resources */,
			);
			buildRules = (
			);
			dependencies = (
				176D88C82A42EABA00AB2E05 /* PBXTargetDependency */,
			);
			name = RickAndMortyMVVMUITests;
			productName = RickAndMortyMVVMUITests;
			productReference = 176D88C62A42EABA00AB2E05 /* RickAndMortyMVVMUITests.xctest */;
			productType = "com.apple.product-type.bundle.ui-testing";
		};
/* End PBXNativeTarget section */

/* Begin PBXProject section */
		176D889E2A42EAB700AB2E05 /* Project object */ = {
			isa = PBXProject;
			attributes = {
				BuildIndependentTargetsInParallel = 1;
				LastSwiftUpdateCheck = 1430;
				LastUpgradeCheck = 1430;
				TargetAttributes = {
					176D88A52A42EAB700AB2E05 = {
						CreatedOnToolsVersion = 14.3.1;
					};
					176D88BB2A42EABA00AB2E05 = {
						CreatedOnToolsVersion = 14.3.1;
						TestTargetID = 176D88A52A42EAB700AB2E05;
					};
					176D88C52A42EABA00AB2E05 = {
						CreatedOnToolsVersion = 14.3.1;
						TestTargetID = 176D88A52A42EAB700AB2E05;
					};
				};
			};
			buildConfigurationList = 176D88A12A42EAB700AB2E05 /* Build configuration list for PBXProject "RickAndMortyMVVM" */;
			compatibilityVersion = "Xcode 14.0";
			developmentRegion = en;
			hasScannedForEncodings = 0;
			knownRegions = (
				en,
				Base,
			);
			mainGroup = 176D889D2A42EAB700AB2E05;
			productRefGroup = 176D88A72A42EAB700AB2E05 /* Products */;
			projectDirPath = "";
			projectRoot = "";
			targets = (
				176D88A52A42EAB700AB2E05 /* RickAndMortyMVVM */,
				176D88BB2A42EABA00AB2E05 /* RickAndMortyMVVMTests */,
				176D88C52A42EABA00AB2E05 /* RickAndMortyMVVMUITests */,
			);
		};
/* End PBXProject section */

/* Begin PBXResourcesBuildPhase section */
		176D88A42A42EAB700AB2E05 /* Resources */ = {
			isa = PBXResourcesBuildPhase;
			buildActionMask = 2147483647;
			files = (
				176D88B62A42EABA00AB2E05 /* LaunchScreen.storyboard in Resources */,
				176D88E52A42EFA000AB2E05 /* ListScene.storyboard in Resources */,
				17D257172A439689002AE10B /* ListSceneTableViewCell.xib in Resources */,
				176D88ED2A42EFD200AB2E05 /* DetailScene.storyboard in Resources */,
				176D88B32A42EABA00AB2E05 /* Assets.xcassets in Resources */,
			);
			runOnlyForDeploymentPostprocessing = 0;
		};
		176D88BA2A42EABA00AB2E05 /* Resources */ = {
			isa = PBXResourcesBuildPhase;
			buildActionMask = 2147483647;
			files = (
				17D257282A43B64C002AE10B /* README.md in Resources */,
			);
			runOnlyForDeploymentPostprocessing = 0;
		};
		176D88C42A42EABA00AB2E05 /* Resources */ = {
			isa = PBXResourcesBuildPhase;
			buildActionMask = 2147483647;
			files = (
			);
			runOnlyForDeploymentPostprocessing = 0;
		};
/* End PBXResourcesBuildPhase section */

/* Begin PBXShellScriptBuildPhase section */
		176D88D92A42EBB400AB2E05 /* SwiftLint */ = {
			isa = PBXShellScriptBuildPhase;
			alwaysOutOfDate = 1;
			buildActionMask = 2147483647;
			files = (
			);
			inputFileListPaths = (
			);
			inputPaths = (
			);
			name = SwiftLint;
			outputFileListPaths = (
			);
			outputPaths = (
			);
			runOnlyForDeploymentPostprocessing = 0;
			shellPath = /bin/sh;
			shellScript = "if which swiftlint > /dev/null; then\n    swiftlint\nelse \n    echo \"Warning: SwiftLint not installed\"\nfi\n";
		};
/* End PBXShellScriptBuildPhase section */

/* Begin PBXSourcesBuildPhase section */
		176D88A22A42EAB700AB2E05 /* Sources */ = {
			isa = PBXSourcesBuildPhase;
			buildActionMask = 2147483647;
			files = (
				176D88F02A42EFD200AB2E05 /* DetailSceneViewModel.swift in Sources */,
				176D88EE2A42EFD200AB2E05 /* DetailSceneRouter.swift in Sources */,
				176D88F32A42EFF700AB2E05 /* RouterType.swift in Sources */,
				176D88E72A42EFA000AB2E05 /* ListSceneViewController.swift in Sources */,
				176D88EF2A42EFD200AB2E05 /* DetailSceneViewController.swift in Sources */,
				176D89082A435C7300AB2E05 /* CharacterRepositoryType.swift in Sources */,
				17D257192A439F7E002AE10B /* ListSceneTableViewCellModel.swift in Sources */,
				176D890E2A4360BB00AB2E05 /* CharacterDomain.swift in Sources */,
				176D890A2A435C8B00AB2E05 /* CharacterRepository.swift in Sources */,
				176D89152A43792E00AB2E05 /* DIRepositoryContainer.swift in Sources */,
				176D890C2A435DEA00AB2E05 /* CharacterResponse.swift in Sources */,
				17D2571B2A43A035002AE10B /* ListSceneTableViewCell+DI.swift in Sources */,
				17D257162A439689002AE10B /* ListSceneTableViewCell.swift in Sources */,
				176D891D2A437ABE00AB2E05 /* DetailScene+DI.swift in Sources */,
				176D89172A43793900AB2E05 /* DIRepository.swift in Sources */,
				176D88AA2A42EAB700AB2E05 /* AppDelegate.swift in Sources */,
				176D89192A43798C00AB2E05 /* DIRepositoryContainerType.swift in Sources */,
				176D88FE2A43537800AB2E05 /* HTTPError.swift in Sources */,
				176D88F92A43532A00AB2E05 /* HTTPClient.swift in Sources */,
				176D891B2A4379D100AB2E05 /* ListScene+DI.swift in Sources */,
				17D257242A43A774002AE10B /* DownloadImageRepository.swift in Sources */,
				176D88AC2A42EAB700AB2E05 /* SceneDelegate.swift in Sources */,
				17D257212A43A74E002AE10B /* DownloadImageRepositoryType.swift in Sources */,
				176D88FC2A43536400AB2E05 /* HTTPClientType.swift in Sources */,
				176D88F52A42F0B800AB2E05 /* StoryboardInstantiable.swift in Sources */,
				176D88E62A42EFA000AB2E05 /* ListSceneRouter.swift in Sources */,
				176D88E82A42EFA000AB2E05 /* ListSceneViewModel.swift in Sources */,
			);
			runOnlyForDeploymentPostprocessing = 0;
		};
		176D88B82A42EABA00AB2E05 /* Sources */ = {
			isa = PBXSourcesBuildPhase;
			buildActionMask = 2147483647;
			files = (
				176D89112A43787500AB2E05 /* CharacterRepositoryTests.swift in Sources */,
				176D89222A437EC400AB2E05 /* MockHTTPClient.swift in Sources */,
				17D2571E2A43A547002AE10B /* ListSceneTableViewCellModelTests.swift in Sources */,
				176D89022A43540900AB2E05 /* MockURLProtocol.swift in Sources */,
				17D2570D2A438B6B002AE10B /* StubCharacterRepository.swift in Sources */,
				17D257102A438C1F002AE10B /* BaseXCTestCase.swift in Sources */,
				176D89042A43542100AB2E05 /* HTTPClientTests.swift in Sources */,
				176D891F2A437BF600AB2E05 /* SpyHTTPClient.swift in Sources */,
				17D257262A43AEE5002AE10B /* SpyListSceneRouter.swift in Sources */,
				17D2570B2A438AC9002AE10B /* MockDIRepositoryContainer.swift in Sources */,
				17D257082A438594002AE10B /* ListSceneViewModelTests.swift in Sources */,
			);
			runOnlyForDeploymentPostprocessing = 0;
		};
		176D88C22A42EABA00AB2E05 /* Sources */ = {
			isa = PBXSourcesBuildPhase;
			buildActionMask = 2147483647;
			files = (
				176D88CB2A42EABA00AB2E05 /* RickAndMortyMVVMUITests.swift in Sources */,
			);
			runOnlyForDeploymentPostprocessing = 0;
		};
/* End PBXSourcesBuildPhase section */

/* Begin PBXTargetDependency section */
		176D88BE2A42EABA00AB2E05 /* PBXTargetDependency */ = {
			isa = PBXTargetDependency;
			target = 176D88A52A42EAB700AB2E05 /* RickAndMortyMVVM */;
			targetProxy = 176D88BD2A42EABA00AB2E05 /* PBXContainerItemProxy */;
		};
		176D88C82A42EABA00AB2E05 /* PBXTargetDependency */ = {
			isa = PBXTargetDependency;
			target = 176D88A52A42EAB700AB2E05 /* RickAndMortyMVVM */;
			targetProxy = 176D88C72A42EABA00AB2E05 /* PBXContainerItemProxy */;
		};
/* End PBXTargetDependency section */

/* Begin PBXVariantGroup section */
		176D88B42A42EABA00AB2E05 /* LaunchScreen.storyboard */ = {
			isa = PBXVariantGroup;
			children = (
				176D88B52A42EABA00AB2E05 /* Base */,
			);
			name = LaunchScreen.storyboard;
			sourceTree = "<group>";
		};
/* End PBXVariantGroup section */

/* Begin XCBuildConfiguration section */
		176D88CE2A42EABA00AB2E05 /* Debug */ = {
			isa = XCBuildConfiguration;
			buildSettings = {
				ALWAYS_SEARCH_USER_PATHS = NO;
				CLANG_ANALYZER_NONNULL = YES;
				CLANG_ANALYZER_NUMBER_OBJECT_CONVERSION = YES_AGGRESSIVE;
				CLANG_CXX_LANGUAGE_STANDARD = "gnu++20";
				CLANG_ENABLE_MODULES = YES;
				CLANG_ENABLE_OBJC_ARC = YES;
				CLANG_ENABLE_OBJC_WEAK = YES;
				CLANG_WARN_BLOCK_CAPTURE_AUTORELEASING = YES;
				CLANG_WARN_BOOL_CONVERSION = YES;
				CLANG_WARN_COMMA = YES;
				CLANG_WARN_CONSTANT_CONVERSION = YES;
				CLANG_WARN_DEPRECATED_OBJC_IMPLEMENTATIONS = YES;
				CLANG_WARN_DIRECT_OBJC_ISA_USAGE = YES_ERROR;
				CLANG_WARN_DOCUMENTATION_COMMENTS = YES;
				CLANG_WARN_EMPTY_BODY = YES;
				CLANG_WARN_ENUM_CONVERSION = YES;
				CLANG_WARN_INFINITE_RECURSION = YES;
				CLANG_WARN_INT_CONVERSION = YES;
				CLANG_WARN_NON_LITERAL_NULL_CONVERSION = YES;
				CLANG_WARN_OBJC_IMPLICIT_RETAIN_SELF = YES;
				CLANG_WARN_OBJC_LITERAL_CONVERSION = YES;
				CLANG_WARN_OBJC_ROOT_CLASS = YES_ERROR;
				CLANG_WARN_QUOTED_INCLUDE_IN_FRAMEWORK_HEADER = YES;
				CLANG_WARN_RANGE_LOOP_ANALYSIS = YES;
				CLANG_WARN_STRICT_PROTOTYPES = YES;
				CLANG_WARN_SUSPICIOUS_MOVE = YES;
				CLANG_WARN_UNGUARDED_AVAILABILITY = YES_AGGRESSIVE;
				CLANG_WARN_UNREACHABLE_CODE = YES;
				CLANG_WARN__DUPLICATE_METHOD_MATCH = YES;
				COPY_PHASE_STRIP = NO;
				DEBUG_INFORMATION_FORMAT = dwarf;
				ENABLE_STRICT_OBJC_MSGSEND = YES;
				ENABLE_TESTABILITY = YES;
				GCC_C_LANGUAGE_STANDARD = gnu11;
				GCC_DYNAMIC_NO_PIC = NO;
				GCC_NO_COMMON_BLOCKS = YES;
				GCC_OPTIMIZATION_LEVEL = 0;
				GCC_PREPROCESSOR_DEFINITIONS = (
					"DEBUG=1",
					"$(inherited)",
				);
				GCC_WARN_64_TO_32_BIT_CONVERSION = YES;
				GCC_WARN_ABOUT_RETURN_TYPE = YES_ERROR;
				GCC_WARN_UNDECLARED_SELECTOR = YES;
				GCC_WARN_UNINITIALIZED_AUTOS = YES_AGGRESSIVE;
				GCC_WARN_UNUSED_FUNCTION = YES;
				GCC_WARN_UNUSED_VARIABLE = YES;
				IPHONEOS_DEPLOYMENT_TARGET = 16.4;
				MTL_ENABLE_DEBUG_INFO = INCLUDE_SOURCE;
				MTL_FAST_MATH = YES;
				ONLY_ACTIVE_ARCH = YES;
				SDKROOT = iphoneos;
				SWIFT_ACTIVE_COMPILATION_CONDITIONS = DEBUG;
				SWIFT_OPTIMIZATION_LEVEL = "-Onone";
			};
			name = Debug;
		};
		176D88CF2A42EABA00AB2E05 /* Release */ = {
			isa = XCBuildConfiguration;
			buildSettings = {
				ALWAYS_SEARCH_USER_PATHS = NO;
				CLANG_ANALYZER_NONNULL = YES;
				CLANG_ANALYZER_NUMBER_OBJECT_CONVERSION = YES_AGGRESSIVE;
				CLANG_CXX_LANGUAGE_STANDARD = "gnu++20";
				CLANG_ENABLE_MODULES = YES;
				CLANG_ENABLE_OBJC_ARC = YES;
				CLANG_ENABLE_OBJC_WEAK = YES;
				CLANG_WARN_BLOCK_CAPTURE_AUTORELEASING = YES;
				CLANG_WARN_BOOL_CONVERSION = YES;
				CLANG_WARN_COMMA = YES;
				CLANG_WARN_CONSTANT_CONVERSION = YES;
				CLANG_WARN_DEPRECATED_OBJC_IMPLEMENTATIONS = YES;
				CLANG_WARN_DIRECT_OBJC_ISA_USAGE = YES_ERROR;
				CLANG_WARN_DOCUMENTATION_COMMENTS = YES;
				CLANG_WARN_EMPTY_BODY = YES;
				CLANG_WARN_ENUM_CONVERSION = YES;
				CLANG_WARN_INFINITE_RECURSION = YES;
				CLANG_WARN_INT_CONVERSION = YES;
				CLANG_WARN_NON_LITERAL_NULL_CONVERSION = YES;
				CLANG_WARN_OBJC_IMPLICIT_RETAIN_SELF = YES;
				CLANG_WARN_OBJC_LITERAL_CONVERSION = YES;
				CLANG_WARN_OBJC_ROOT_CLASS = YES_ERROR;
				CLANG_WARN_QUOTED_INCLUDE_IN_FRAMEWORK_HEADER = YES;
				CLANG_WARN_RANGE_LOOP_ANALYSIS = YES;
				CLANG_WARN_STRICT_PROTOTYPES = YES;
				CLANG_WARN_SUSPICIOUS_MOVE = YES;
				CLANG_WARN_UNGUARDED_AVAILABILITY = YES_AGGRESSIVE;
				CLANG_WARN_UNREACHABLE_CODE = YES;
				CLANG_WARN__DUPLICATE_METHOD_MATCH = YES;
				COPY_PHASE_STRIP = NO;
				DEBUG_INFORMATION_FORMAT = "dwarf-with-dsym";
				ENABLE_NS_ASSERTIONS = NO;
				ENABLE_STRICT_OBJC_MSGSEND = YES;
				GCC_C_LANGUAGE_STANDARD = gnu11;
				GCC_NO_COMMON_BLOCKS = YES;
				GCC_WARN_64_TO_32_BIT_CONVERSION = YES;
				GCC_WARN_ABOUT_RETURN_TYPE = YES_ERROR;
				GCC_WARN_UNDECLARED_SELECTOR = YES;
				GCC_WARN_UNINITIALIZED_AUTOS = YES_AGGRESSIVE;
				GCC_WARN_UNUSED_FUNCTION = YES;
				GCC_WARN_UNUSED_VARIABLE = YES;
				IPHONEOS_DEPLOYMENT_TARGET = 16.4;
				MTL_ENABLE_DEBUG_INFO = NO;
				MTL_FAST_MATH = YES;
				SDKROOT = iphoneos;
				SWIFT_COMPILATION_MODE = wholemodule;
				SWIFT_OPTIMIZATION_LEVEL = "-O";
				VALIDATE_PRODUCT = YES;
			};
			name = Release;
		};
		176D88D12A42EABA00AB2E05 /* Debug */ = {
			isa = XCBuildConfiguration;
			buildSettings = {
				ASSETCATALOG_COMPILER_APPICON_NAME = AppIcon;
				ASSETCATALOG_COMPILER_GLOBAL_ACCENT_COLOR_NAME = AccentColor;
				CODE_SIGN_STYLE = Automatic;
				CURRENT_PROJECT_VERSION = 1;
				GENERATE_INFOPLIST_FILE = YES;
				INFOPLIST_FILE = RickAndMortyMVVM/Resources/Info.plist;
				INFOPLIST_KEY_UIApplicationSupportsIndirectInputEvents = YES;
				INFOPLIST_KEY_UILaunchStoryboardName = LaunchScreen.storyboard;
				INFOPLIST_KEY_UIMainStoryboardFile = ListScene;
				INFOPLIST_KEY_UISupportedInterfaceOrientations_iPad = "UIInterfaceOrientationPortrait UIInterfaceOrientationPortraitUpsideDown UIInterfaceOrientationLandscapeLeft UIInterfaceOrientationLandscapeRight";
				INFOPLIST_KEY_UISupportedInterfaceOrientations_iPhone = "UIInterfaceOrientationPortrait UIInterfaceOrientationLandscapeLeft UIInterfaceOrientationLandscapeRight";
				IPHONEOS_DEPLOYMENT_TARGET = 13.0;
				LD_RUNPATH_SEARCH_PATHS = (
					"$(inherited)",
					"@executable_path/Frameworks",
				);
				MARKETING_VERSION = 1.0;
				PRODUCT_BUNDLE_IDENTIFIER = com.manelroca.RickAndMortyMVVM;
				PRODUCT_NAME = "$(TARGET_NAME)";
				SWIFT_EMIT_LOC_STRINGS = YES;
				SWIFT_VERSION = 5.0;
				TARGETED_DEVICE_FAMILY = "1,2";
			};
			name = Debug;
		};
		176D88D22A42EABA00AB2E05 /* Release */ = {
			isa = XCBuildConfiguration;
			buildSettings = {
				ASSETCATALOG_COMPILER_APPICON_NAME = AppIcon;
				ASSETCATALOG_COMPILER_GLOBAL_ACCENT_COLOR_NAME = AccentColor;
				CODE_SIGN_STYLE = Automatic;
				CURRENT_PROJECT_VERSION = 1;
				GENERATE_INFOPLIST_FILE = YES;
				INFOPLIST_FILE = RickAndMortyMVVM/Resources/Info.plist;
				INFOPLIST_KEY_UIApplicationSupportsIndirectInputEvents = YES;
				INFOPLIST_KEY_UILaunchStoryboardName = LaunchScreen.storyboard;
				INFOPLIST_KEY_UIMainStoryboardFile = ListScene;
				INFOPLIST_KEY_UISupportedInterfaceOrientations_iPad = "UIInterfaceOrientationPortrait UIInterfaceOrientationPortraitUpsideDown UIInterfaceOrientationLandscapeLeft UIInterfaceOrientationLandscapeRight";
				INFOPLIST_KEY_UISupportedInterfaceOrientations_iPhone = "UIInterfaceOrientationPortrait UIInterfaceOrientationLandscapeLeft UIInterfaceOrientationLandscapeRight";
				IPHONEOS_DEPLOYMENT_TARGET = 13.0;
				LD_RUNPATH_SEARCH_PATHS = (
					"$(inherited)",
					"@executable_path/Frameworks",
				);
				MARKETING_VERSION = 1.0;
				PRODUCT_BUNDLE_IDENTIFIER = com.manelroca.RickAndMortyMVVM;
				PRODUCT_NAME = "$(TARGET_NAME)";
				SWIFT_EMIT_LOC_STRINGS = YES;
				SWIFT_VERSION = 5.0;
				TARGETED_DEVICE_FAMILY = "1,2";
			};
			name = Release;
		};
		176D88D42A42EABA00AB2E05 /* Debug */ = {
			isa = XCBuildConfiguration;
			buildSettings = {
				ALWAYS_EMBED_SWIFT_STANDARD_LIBRARIES = YES;
				BUNDLE_LOADER = "$(TEST_HOST)";
				CODE_SIGN_STYLE = Automatic;
				CURRENT_PROJECT_VERSION = 1;
				GENERATE_INFOPLIST_FILE = YES;
				IPHONEOS_DEPLOYMENT_TARGET = 16.4;
				MARKETING_VERSION = 1.0;
				PRODUCT_BUNDLE_IDENTIFIER = com.manelroca.RickAndMortyMVVMTests;
				PRODUCT_NAME = "$(TARGET_NAME)";
				SWIFT_EMIT_LOC_STRINGS = NO;
				SWIFT_VERSION = 5.0;
				TARGETED_DEVICE_FAMILY = "1,2";
				TEST_HOST = "$(BUILT_PRODUCTS_DIR)/RickAndMortyMVVM.app/$(BUNDLE_EXECUTABLE_FOLDER_PATH)/RickAndMortyMVVM";
			};
			name = Debug;
		};
		176D88D52A42EABA00AB2E05 /* Release */ = {
			isa = XCBuildConfiguration;
			buildSettings = {
				ALWAYS_EMBED_SWIFT_STANDARD_LIBRARIES = YES;
				BUNDLE_LOADER = "$(TEST_HOST)";
				CODE_SIGN_STYLE = Automatic;
				CURRENT_PROJECT_VERSION = 1;
				GENERATE_INFOPLIST_FILE = YES;
				IPHONEOS_DEPLOYMENT_TARGET = 16.4;
				MARKETING_VERSION = 1.0;
				PRODUCT_BUNDLE_IDENTIFIER = com.manelroca.RickAndMortyMVVMTests;
				PRODUCT_NAME = "$(TARGET_NAME)";
				SWIFT_EMIT_LOC_STRINGS = NO;
				SWIFT_VERSION = 5.0;
				TARGETED_DEVICE_FAMILY = "1,2";
				TEST_HOST = "$(BUILT_PRODUCTS_DIR)/RickAndMortyMVVM.app/$(BUNDLE_EXECUTABLE_FOLDER_PATH)/RickAndMortyMVVM";
			};
			name = Release;
		};
		176D88D72A42EABA00AB2E05 /* Debug */ = {
			isa = XCBuildConfiguration;
			buildSettings = {
				ALWAYS_EMBED_SWIFT_STANDARD_LIBRARIES = YES;
				CODE_SIGN_STYLE = Automatic;
				CURRENT_PROJECT_VERSION = 1;
				GENERATE_INFOPLIST_FILE = YES;
				MARKETING_VERSION = 1.0;
				PRODUCT_BUNDLE_IDENTIFIER = com.manelroca.RickAndMortyMVVMUITests;
				PRODUCT_NAME = "$(TARGET_NAME)";
				SWIFT_EMIT_LOC_STRINGS = NO;
				SWIFT_VERSION = 5.0;
				TARGETED_DEVICE_FAMILY = "1,2";
				TEST_TARGET_NAME = RickAndMortyMVVM;
			};
			name = Debug;
		};
		176D88D82A42EABA00AB2E05 /* Release */ = {
			isa = XCBuildConfiguration;
			buildSettings = {
				ALWAYS_EMBED_SWIFT_STANDARD_LIBRARIES = YES;
				CODE_SIGN_STYLE = Automatic;
				CURRENT_PROJECT_VERSION = 1;
				GENERATE_INFOPLIST_FILE = YES;
				MARKETING_VERSION = 1.0;
				PRODUCT_BUNDLE_IDENTIFIER = com.manelroca.RickAndMortyMVVMUITests;
				PRODUCT_NAME = "$(TARGET_NAME)";
				SWIFT_EMIT_LOC_STRINGS = NO;
				SWIFT_VERSION = 5.0;
				TARGETED_DEVICE_FAMILY = "1,2";
				TEST_TARGET_NAME = RickAndMortyMVVM;
			};
			name = Release;
		};
/* End XCBuildConfiguration section */

/* Begin XCConfigurationList section */
		176D88A12A42EAB700AB2E05 /* Build configuration list for PBXProject "RickAndMortyMVVM" */ = {
			isa = XCConfigurationList;
			buildConfigurations = (
				176D88CE2A42EABA00AB2E05 /* Debug */,
				176D88CF2A42EABA00AB2E05 /* Release */,
			);
			defaultConfigurationIsVisible = 0;
			defaultConfigurationName = Release;
		};
		176D88D02A42EABA00AB2E05 /* Build configuration list for PBXNativeTarget "RickAndMortyMVVM" */ = {
			isa = XCConfigurationList;
			buildConfigurations = (
				176D88D12A42EABA00AB2E05 /* Debug */,
				176D88D22A42EABA00AB2E05 /* Release */,
			);
			defaultConfigurationIsVisible = 0;
			defaultConfigurationName = Release;
		};
		176D88D32A42EABA00AB2E05 /* Build configuration list for PBXNativeTarget "RickAndMortyMVVMTests" */ = {
			isa = XCConfigurationList;
			buildConfigurations = (
				176D88D42A42EABA00AB2E05 /* Debug */,
				176D88D52A42EABA00AB2E05 /* Release */,
			);
			defaultConfigurationIsVisible = 0;
			defaultConfigurationName = Release;
		};
		176D88D62A42EABA00AB2E05 /* Build configuration list for PBXNativeTarget "RickAndMortyMVVMUITests" */ = {
			isa = XCConfigurationList;
			buildConfigurations = (
				176D88D72A42EABA00AB2E05 /* Debug */,
				176D88D82A42EABA00AB2E05 /* Release */,
			);
			defaultConfigurationIsVisible = 0;
			defaultConfigurationName = Release;
		};
/* End XCConfigurationList section */
	};
	rootObject = 176D889E2A42EAB700AB2E05 /* Project object */;
}
